
Microsoft Visual Studio Solution File, Format Version 12.00
# Visual Studio Version 17
VisualStudioVersion = 17.4.33103.184
MinimumVisualStudioVersion = 10.0.40219.1
Project("{FAE04EC0-301F-11D3-BF4B-00C04F79EFBC}") = "MyPCRoom", "MyPCRoom\MyPCRoom.csproj", "{8D64FC6C-D5FD-4034-889F-B5C757D540E4}"
EndProject
Global
	GlobalSection(SolutionConfigurationPlatforms) = preSolution
		Debug|Any CPU = Debug|Any CPU
		Release|Any CPU = Release|Any CPU
	EndGlobalSection
	GlobalSection(ProjectConfigurationPlatforms) = postSolution
		{8D64FC6C-D5FD-4034-889F-B5C757D540E4}.Debug|Any CPU.ActiveCfg = Debug|Any CPU
		{8D64FC6C-D5FD-4034-889F-B5C757D540E4}.Debug|Any CPU.Build.0 = Debug|Any CPU
		{8D64FC6C-D5FD-4034-889F-B5C757D540E4}.Release|Any CPU.ActiveCfg = Release|Any CPU
		{8D64FC6C-D5FD-4034-889F-B5C757D540E4}.Release|Any CPU.Build.0 = Release|Any CPU
	EndGlobalSection
	GlobalSection(SolutionProperties) = preSolution
		HideSolutionNode = FALSE
	EndGlobalSection
	GlobalSection(ExtensibilityGlobals) = postSolution
		SolutionGuid = {537F82F3-03B4-4F92-A67C-59F8D4EB8AEA}
	EndGlobalSection
EndGlobal
